{
  "name": "electron-react-boilerplate",
  "version": "0.13.2",
  "lockfileVersion": 1,
  "requires": true,
  "dependencies": {
    "forge-struct": {
      "version": "0.0.4",
      "resolved": "https://registry.npmjs.org/forge-struct/-/forge-struct-0.0.4.tgz",
      "integrity": "sha512-697KPxcILYWSnmOglZje0lv+urDuJNrh014Is4P+IQ8MoDgxJsMpYeZvDIW6PHPxO2GNK9lQAZkKk3bWGcsEOA==",
      "dev": true
    },
    "json-loader": {
      "version": "0.5.7",
      "resolved": "https://registry.npmjs.org/json-loader/-/json-loader-0.5.7.tgz",
      "integrity": "sha512-QLPs8Dj7lnf3e3QYS1zkCo+4ZwqOiF9d/nZnYozTISxXWCfNs9yuky5rJw4/W34s7POaNlbZmQGaB5NiXCbP4w==",
      "dev": true
    }
  }
}
